
Microsoft Visual Studio Solution File, Format Version 12.00
# Visual Studio Version 17
VisualStudioVersion = 17.1.32228.430
MinimumVisualStudioVersion = 10.0.40219.1
Project("{8BC9CEB8-8B4A-11D0-8D11-00A0C91BC942}") = "函数交换两个整形变量", "函数交换两个整形变量\函数交换两个整形变量.vcxproj", "{75B6DF3C-D609-4037-A71E-FBC2662ABD18}"
EndProject
Global
	GlobalSection(SolutionConfigurationPlatforms) = preSolution
		Debug|x64 = Debug|x64
		Debug|x86 = Debug|x86
		Release|x64 = Release|x64
		Release|x86 = Release|x86
	EndGlobalSection
	GlobalSection(ProjectConfigurationPlatforms) = postSolution
		{75B6DF3C-D609-4037-A71E-FBC2662ABD18}.Debug|x64.ActiveCfg = Debug|x64
		{75B6DF3C-D609-4037-A71E-FBC2662ABD18}.Debug|x64.Build.0 = Debug|x64
		{75B6DF3C-D609-4037-A71E-FBC2662ABD18}.Debug|x86.ActiveCfg = Debug|Win32
		{75B6DF3C-D609-4037-A71E-FBC2662ABD18}.Debug|x86.Build.0 = Debug|Win32
		{75B6DF3C-D609-4037-A71E-FBC2662ABD18}.Release|x64.ActiveCfg = Release|x64
		{75B6DF3C-D609-4037-A71E-FBC2662ABD18}.Release|x64.Build.0 = Release|x64
		{75B6DF3C-D609-4037-A71E-FBC2662ABD18}.Release|x86.ActiveCfg = Release|Win32
		{75B6DF3C-D609-4037-A71E-FBC2662ABD18}.Release|x86.Build.0 = Release|Win32
	EndGlobalSection
	GlobalSection(SolutionProperties) = preSolution
		HideSolutionNode = FALSE
	EndGlobalSection
	GlobalSection(ExtensibilityGlobals) = postSolution
		SolutionGuid = {5CB0176C-818B-4DA9-A9EF-57E0FF202D2C}
	EndGlobalSection
EndGlobal
