
Microsoft Visual Studio Solution File, Format Version 12.00
# Visual Studio Version 17
VisualStudioVersion = 17.0.32112.339
MinimumVisualStudioVersion = 10.0.40219.1
Project("{8BC9CEB8-8B4A-11D0-8D11-00A0C91BC942}") = "static修饰局部变量", "static修饰局部变量\static修饰局部变量.vcxproj", "{B1AAE428-1864-4334-B256-3B70E5F9BF0F}"
EndProject
Global
	GlobalSection(SolutionConfigurationPlatforms) = preSolution
		Debug|x64 = Debug|x64
		Debug|x86 = Debug|x86
		Release|x64 = Release|x64
		Release|x86 = Release|x86
	EndGlobalSection
	GlobalSection(ProjectConfigurationPlatforms) = postSolution
		{B1AAE428-1864-4334-B256-3B70E5F9BF0F}.Debug|x64.ActiveCfg = Debug|x64
		{B1AAE428-1864-4334-B256-3B70E5F9BF0F}.Debug|x64.Build.0 = Debug|x64
		{B1AAE428-1864-4334-B256-3B70E5F9BF0F}.Debug|x86.ActiveCfg = Debug|Win32
		{B1AAE428-1864-4334-B256-3B70E5F9BF0F}.Debug|x86.Build.0 = Debug|Win32
		{B1AAE428-1864-4334-B256-3B70E5F9BF0F}.Release|x64.ActiveCfg = Release|x64
		{B1AAE428-1864-4334-B256-3B70E5F9BF0F}.Release|x64.Build.0 = Release|x64
		{B1AAE428-1864-4334-B256-3B70E5F9BF0F}.Release|x86.ActiveCfg = Release|Win32
		{B1AAE428-1864-4334-B256-3B70E5F9BF0F}.Release|x86.Build.0 = Release|Win32
	EndGlobalSection
	GlobalSection(SolutionProperties) = preSolution
		HideSolutionNode = FALSE
	EndGlobalSection
	GlobalSection(ExtensibilityGlobals) = postSolution
		SolutionGuid = {75B62B7E-6DE3-4A5D-8715-B285DFF121EA}
	EndGlobalSection
EndGlobal
