
Microsoft Visual Studio Solution File, Format Version 12.00
# Visual Studio Version 17
VisualStudioVersion = 17.0.32112.339
MinimumVisualStudioVersion = 10.0.40219.1
Project("{8BC9CEB8-8B4A-11D0-8D11-00A0C91BC942}") = "分支语句switch", "分支语句switch\分支语句switch.vcxproj", "{59766EB9-6B20-47E6-986B-6BED4215CA10}"
EndProject
Global
	GlobalSection(SolutionConfigurationPlatforms) = preSolution
		Debug|x64 = Debug|x64
		Debug|x86 = Debug|x86
		Release|x64 = Release|x64
		Release|x86 = Release|x86
	EndGlobalSection
	GlobalSection(ProjectConfigurationPlatforms) = postSolution
		{59766EB9-6B20-47E6-986B-6BED4215CA10}.Debug|x64.ActiveCfg = Debug|x64
		{59766EB9-6B20-47E6-986B-6BED4215CA10}.Debug|x64.Build.0 = Debug|x64
		{59766EB9-6B20-47E6-986B-6BED4215CA10}.Debug|x86.ActiveCfg = Debug|Win32
		{59766EB9-6B20-47E6-986B-6BED4215CA10}.Debug|x86.Build.0 = Debug|Win32
		{59766EB9-6B20-47E6-986B-6BED4215CA10}.Release|x64.ActiveCfg = Release|x64
		{59766EB9-6B20-47E6-986B-6BED4215CA10}.Release|x64.Build.0 = Release|x64
		{59766EB9-6B20-47E6-986B-6BED4215CA10}.Release|x86.ActiveCfg = Release|Win32
		{59766EB9-6B20-47E6-986B-6BED4215CA10}.Release|x86.Build.0 = Release|Win32
	EndGlobalSection
	GlobalSection(SolutionProperties) = preSolution
		HideSolutionNode = FALSE
	EndGlobalSection
	GlobalSection(ExtensibilityGlobals) = postSolution
		SolutionGuid = {617CE532-0FAD-4C75-941D-A46BCACC1365}
	EndGlobalSection
EndGlobal
