
Microsoft Visual Studio Solution File, Format Version 12.00
# Visual Studio Version 17
VisualStudioVersion = 17.0.32112.339
MinimumVisualStudioVersion = 10.0.40219.1
Project("{8BC9CEB8-8B4A-11D0-8D11-00A0C91BC942}") = "size of", "size of\size of.vcxproj", "{E3BF0542-98DF-44F7-8D7C-694B5E9F97DC}"
EndProject
Global
	GlobalSection(SolutionConfigurationPlatforms) = preSolution
		Debug|x64 = Debug|x64
		Debug|x86 = Debug|x86
		Release|x64 = Release|x64
		Release|x86 = Release|x86
	EndGlobalSection
	GlobalSection(ProjectConfigurationPlatforms) = postSolution
		{E3BF0542-98DF-44F7-8D7C-694B5E9F97DC}.Debug|x64.ActiveCfg = Debug|x64
		{E3BF0542-98DF-44F7-8D7C-694B5E9F97DC}.Debug|x64.Build.0 = Debug|x64
		{E3BF0542-98DF-44F7-8D7C-694B5E9F97DC}.Debug|x86.ActiveCfg = Debug|Win32
		{E3BF0542-98DF-44F7-8D7C-694B5E9F97DC}.Debug|x86.Build.0 = Debug|Win32
		{E3BF0542-98DF-44F7-8D7C-694B5E9F97DC}.Release|x64.ActiveCfg = Release|x64
		{E3BF0542-98DF-44F7-8D7C-694B5E9F97DC}.Release|x64.Build.0 = Release|x64
		{E3BF0542-98DF-44F7-8D7C-694B5E9F97DC}.Release|x86.ActiveCfg = Release|Win32
		{E3BF0542-98DF-44F7-8D7C-694B5E9F97DC}.Release|x86.Build.0 = Release|Win32
	EndGlobalSection
	GlobalSection(SolutionProperties) = preSolution
		HideSolutionNode = FALSE
	EndGlobalSection
	GlobalSection(ExtensibilityGlobals) = postSolution
		SolutionGuid = {0E82B484-F8D0-46BC-9803-4E0E774D66A1}
	EndGlobalSection
EndGlobal
